
Microsoft Visual Studio Solution File, Format Version 12.00
# Visual Studio Version 17
VisualStudioVersion = 17.9.34723.18
MinimumVisualStudioVersion = 10.0.40219.1
Project("{FAE04EC0-301F-11D3-BF4B-00C04F79EFBC}") = "Lab10", "Lab10\Lab10.csproj", "{C735A58E-E553-4E2A-A30F-87708CB659A4}"
EndProject
Global
	GlobalSection(SolutionConfigurationPlatforms) = preSolution
		Debug|Any CPU = Debug|Any CPU
		Release|Any CPU = Release|Any CPU
	EndGlobalSection
	GlobalSection(ProjectConfigurationPlatforms) = postSolution
		{C735A58E-E553-4E2A-A30F-87708CB659A4}.Debug|Any CPU.ActiveCfg = Debug|Any CPU
		{C735A58E-E553-4E2A-A30F-87708CB659A4}.Debug|Any CPU.Build.0 = Debug|Any CPU
		{C735A58E-E553-4E2A-A30F-87708CB659A4}.Release|Any CPU.ActiveCfg = Release|Any CPU
		{C735A58E-E553-4E2A-A30F-87708CB659A4}.Release|Any CPU.Build.0 = Release|Any CPU
	EndGlobalSection
	GlobalSection(SolutionProperties) = preSolution
		HideSolutionNode = FALSE
	EndGlobalSection
	GlobalSection(ExtensibilityGlobals) = postSolution
		SolutionGuid = {E8B657BD-3356-4C08-9FFD-E2BD504ACE23}
	EndGlobalSection
EndGlobal
